{
  "name": "panadero-resourceplanning",
  "version": "1.0.0",
  "lockfileVersion": 3,
  "requires": true,
  "packages": {
    "": {
      "name": "panadero-resourceplanning",
      "version": "1.0.0",
      "license": "ISC",
      "dependencies": {
        "dhtmlx-gantt": "file:gantt_9.0.7",
        "dhtmlx-gridpack": "file:gridpack_trial"
      }
    },
    "gantt_9.0.7": {
      "name": "dhtmlx-gantt",
      "version": "9.0.7",
      "license": "SEE LICENSE IN license.txt"
    },
    "gridpack_trial": {},
    "node_modules/dhtmlx-gantt": {
      "resolved": "gantt_9.0.7",
      "link": true
    },
    "node_modules/dhtmlx-gridpack": {
      "resolved": "gridpack_trial",
      "link": true
    }
  }
}
